
Microsoft Visual Studio Solution File, Format Version 12.00
# Visual Studio Version 17
VisualStudioVersion = 17.5.33530.505
MinimumVisualStudioVersion = 10.0.40219.1
Project("{9A19103F-16F7-4668-BE54-9A1E7A4F7556}") = "PowerAppsTestEngine", "..\..\PowerApps-TestEngine\src\PowerAppsTestEngine\PowerAppsTestEngine.csproj", "{555CC480-7D68-467B-AB48-BB22C4631135}"
EndProject
Project("{9A19103F-16F7-4668-BE54-9A1E7A4F7556}") = "Microsoft.PowerApps.TestEngine", "..\..\PowerApps-TestEngine\src\Microsoft.PowerApps.TestEngine\Microsoft.PowerApps.TestEngine.csproj", "{77A7FC3A-2F3B-463E-841D-67D5DEB65E5C}"
EndProject
Project("{FAE04EC0-301F-11D3-BF4B-00C04F79EFBC}") = "testengine.module.pause", "testengine.module.pause\testengine.module.pause.csproj", "{59CBAC36-CEAA-495E-84B7-C4FEA0560CE1}"
EndProject
Global
	GlobalSection(SolutionConfigurationPlatforms) = preSolution
		Debug|Any CPU = Debug|Any CPU
		Release|Any CPU = Release|Any CPU
	EndGlobalSection
	GlobalSection(ProjectConfigurationPlatforms) = postSolution
		{555CC480-7D68-467B-AB48-BB22C4631135}.Debug|Any CPU.ActiveCfg = Debug|Any CPU
		{555CC480-7D68-467B-AB48-BB22C4631135}.Debug|Any CPU.Build.0 = Debug|Any CPU
		{555CC480-7D68-467B-AB48-BB22C4631135}.Release|Any CPU.ActiveCfg = Release|Any CPU
		{555CC480-7D68-467B-AB48-BB22C4631135}.Release|Any CPU.Build.0 = Release|Any CPU
		{77A7FC3A-2F3B-463E-841D-67D5DEB65E5C}.Debug|Any CPU.ActiveCfg = Debug|Any CPU
		{77A7FC3A-2F3B-463E-841D-67D5DEB65E5C}.Debug|Any CPU.Build.0 = Debug|Any CPU
		{77A7FC3A-2F3B-463E-841D-67D5DEB65E5C}.Release|Any CPU.ActiveCfg = Release|Any CPU
		{77A7FC3A-2F3B-463E-841D-67D5DEB65E5C}.Release|Any CPU.Build.0 = Release|Any CPU
		{59CBAC36-CEAA-495E-84B7-C4FEA0560CE1}.Debug|Any CPU.ActiveCfg = Debug|Any CPU
		{59CBAC36-CEAA-495E-84B7-C4FEA0560CE1}.Debug|Any CPU.Build.0 = Debug|Any CPU
		{59CBAC36-CEAA-495E-84B7-C4FEA0560CE1}.Release|Any CPU.ActiveCfg = Release|Any CPU
		{59CBAC36-CEAA-495E-84B7-C4FEA0560CE1}.Release|Any CPU.Build.0 = Release|Any CPU
	EndGlobalSection
	GlobalSection(SolutionProperties) = preSolution
		HideSolutionNode = FALSE
	EndGlobalSection
	GlobalSection(ExtensibilityGlobals) = postSolution
		SolutionGuid = {A9F94F5E-DCD5-42B7-8CF8-959D0710B301}
	EndGlobalSection
EndGlobal
