
Microsoft Visual Studio Solution File, Format Version 12.00
# Visual Studio Version 17
VisualStudioVersion = 17.5.33530.505
MinimumVisualStudioVersion = 10.0.40219.1
Project("{9A19103F-16F7-4668-BE54-9A1E7A4F7556}") = "PowerAppsTestEngine", "..\..\PowerApps-TestEngine\src\PowerAppsTestEngine\PowerAppsTestEngine.csproj", "{555CC480-7D68-467B-AB48-BB22C4631135}"
EndProject
Project("{9A19103F-16F7-4668-BE54-9A1E7A4F7556}") = "Microsoft.PowerApps.TestEngine", "..\..\PowerApps-TestEngine\src\Microsoft.PowerApps.TestEngine\Microsoft.PowerApps.TestEngine.csproj", "{77A7FC3A-2F3B-463E-841D-67D5DEB65E5C}"
EndProject
Project("{9A19103F-16F7-4668-BE54-9A1E7A4F7556}") = "testengine.module.pause", "testengine.module.pause\testengine.module.pause.csproj", "{59CBAC36-CEAA-495E-84B7-C4FEA0560CE1}"
EndProject
Project("{FAE04EC0-301F-11D3-BF4B-00C04F79EFBC}") = "testengine.module.playwrightaction", "testengine.module.playwrightaction\testengine.module.playwrightaction.csproj", "{1715F403-D1D9-480B-BE4A-3A7C6C857BFB}"
EndProject
Project("{FAE04EC0-301F-11D3-BF4B-00C04F79EFBC}") = "testengine.module.reload", "testengine.module.reload\testengine.module.reload.csproj", "{971D4ADE-3A32-42DE-AC43-E92373D9493D}"
EndProject
Project("{FAE04EC0-301F-11D3-BF4B-00C04F79EFBC}") = "testengine.module.ready", "testengine.module.ready\testengine.module.ready.csproj", "{E4E55F07-F4E8-451A-8D1E-7E9F7B129021}"
EndProject
Project("{FAE04EC0-301F-11D3-BF4B-00C04F79EFBC}") = "testengine.module.networkbatchrequest", "testengine.module.networkbatchrequest\testengine.module.networkbatchrequest.csproj", "{C4E4025E-7F60-4926-B5A1-748E70B51AD9}"
EndProject
Global
	GlobalSection(SolutionConfigurationPlatforms) = preSolution
		Debug|Any CPU = Debug|Any CPU
		Release|Any CPU = Release|Any CPU
	EndGlobalSection
	GlobalSection(ProjectConfigurationPlatforms) = postSolution
		{555CC480-7D68-467B-AB48-BB22C4631135}.Debug|Any CPU.ActiveCfg = Debug|Any CPU
		{555CC480-7D68-467B-AB48-BB22C4631135}.Debug|Any CPU.Build.0 = Debug|Any CPU
		{555CC480-7D68-467B-AB48-BB22C4631135}.Release|Any CPU.ActiveCfg = Release|Any CPU
		{555CC480-7D68-467B-AB48-BB22C4631135}.Release|Any CPU.Build.0 = Release|Any CPU
		{77A7FC3A-2F3B-463E-841D-67D5DEB65E5C}.Debug|Any CPU.ActiveCfg = Debug|Any CPU
		{77A7FC3A-2F3B-463E-841D-67D5DEB65E5C}.Debug|Any CPU.Build.0 = Debug|Any CPU
		{77A7FC3A-2F3B-463E-841D-67D5DEB65E5C}.Release|Any CPU.ActiveCfg = Release|Any CPU
		{77A7FC3A-2F3B-463E-841D-67D5DEB65E5C}.Release|Any CPU.Build.0 = Release|Any CPU
		{59CBAC36-CEAA-495E-84B7-C4FEA0560CE1}.Debug|Any CPU.ActiveCfg = Debug|Any CPU
		{59CBAC36-CEAA-495E-84B7-C4FEA0560CE1}.Debug|Any CPU.Build.0 = Debug|Any CPU
		{59CBAC36-CEAA-495E-84B7-C4FEA0560CE1}.Release|Any CPU.ActiveCfg = Release|Any CPU
		{59CBAC36-CEAA-495E-84B7-C4FEA0560CE1}.Release|Any CPU.Build.0 = Release|Any CPU
		{1715F403-D1D9-480B-BE4A-3A7C6C857BFB}.Debug|Any CPU.ActiveCfg = Debug|Any CPU
		{1715F403-D1D9-480B-BE4A-3A7C6C857BFB}.Debug|Any CPU.Build.0 = Debug|Any CPU
		{1715F403-D1D9-480B-BE4A-3A7C6C857BFB}.Release|Any CPU.ActiveCfg = Release|Any CPU
		{1715F403-D1D9-480B-BE4A-3A7C6C857BFB}.Release|Any CPU.Build.0 = Release|Any CPU
		{971D4ADE-3A32-42DE-AC43-E92373D9493D}.Debug|Any CPU.ActiveCfg = Debug|Any CPU
		{971D4ADE-3A32-42DE-AC43-E92373D9493D}.Debug|Any CPU.Build.0 = Debug|Any CPU
		{971D4ADE-3A32-42DE-AC43-E92373D9493D}.Release|Any CPU.ActiveCfg = Release|Any CPU
		{971D4ADE-3A32-42DE-AC43-E92373D9493D}.Release|Any CPU.Build.0 = Release|Any CPU
		{E4E55F07-F4E8-451A-8D1E-7E9F7B129021}.Debug|Any CPU.ActiveCfg = Debug|Any CPU
		{E4E55F07-F4E8-451A-8D1E-7E9F7B129021}.Debug|Any CPU.Build.0 = Debug|Any CPU
		{E4E55F07-F4E8-451A-8D1E-7E9F7B129021}.Release|Any CPU.ActiveCfg = Release|Any CPU
		{E4E55F07-F4E8-451A-8D1E-7E9F7B129021}.Release|Any CPU.Build.0 = Release|Any CPU
		{C4E4025E-7F60-4926-B5A1-748E70B51AD9}.Debug|Any CPU.ActiveCfg = Debug|Any CPU
		{C4E4025E-7F60-4926-B5A1-748E70B51AD9}.Debug|Any CPU.Build.0 = Debug|Any CPU
		{C4E4025E-7F60-4926-B5A1-748E70B51AD9}.Release|Any CPU.ActiveCfg = Release|Any CPU
		{C4E4025E-7F60-4926-B5A1-748E70B51AD9}.Release|Any CPU.Build.0 = Release|Any CPU
	EndGlobalSection
	GlobalSection(SolutionProperties) = preSolution
		HideSolutionNode = FALSE
	EndGlobalSection
	GlobalSection(ExtensibilityGlobals) = postSolution
		SolutionGuid = {A9F94F5E-DCD5-42B7-8CF8-959D0710B301}
	EndGlobalSection
EndGlobal
