
Microsoft Visual Studio Solution File, Format Version 12.00
# Visual Studio Version 17
VisualStudioVersion = 17.5.33530.505
MinimumVisualStudioVersion = 10.0.40219.1
Project("{9A19103F-16F7-4668-BE54-9A1E7A4F7556}") = "PowerAppsTestEngine", "..\..\PowerApps-TestEngine\src\PowerAppsTestEngine\PowerAppsTestEngine.csproj", "{555CC480-7D68-467B-AB48-BB22C4631135}"
EndProject
Project("{9A19103F-16F7-4668-BE54-9A1E7A4F7556}") = "Microsoft.PowerApps.TestEngine", "..\..\PowerApps-TestEngine\src\Microsoft.PowerApps.TestEngine\Microsoft.PowerApps.TestEngine.csproj", "{77A7FC3A-2F3B-463E-841D-67D5DEB65E5C}"
EndProject
Project("{9A19103F-16F7-4668-BE54-9A1E7A4F7556}") = "testengine.module.pause", "testengine.module.pause\testengine.module.pause.csproj", "{59CBAC36-CEAA-495E-84B7-C4FEA0560CE1}"
EndProject
Project("{9A19103F-16F7-4668-BE54-9A1E7A4F7556}") = "testengine.module.playwrightaction", "testengine.module.playwrightaction\testengine.module.playwrightaction.csproj", "{1715F403-D1D9-480B-BE4A-3A7C6C857BFB}"
EndProject
Project("{9A19103F-16F7-4668-BE54-9A1E7A4F7556}") = "testengine.module.reload", "testengine.module.reload\testengine.module.reload.csproj", "{971D4ADE-3A32-42DE-AC43-E92373D9493D}"
EndProject
Project("{9A19103F-16F7-4668-BE54-9A1E7A4F7556}") = "testengine.module.ready", "testengine.module.ready\testengine.module.ready.csproj", "{E4E55F07-F4E8-451A-8D1E-7E9F7B129021}"
EndProject
Project("{9A19103F-16F7-4668-BE54-9A1E7A4F7556}") = "testengine.module.networkbatchrequest", "testengine.module.networkbatchrequest\testengine.module.networkbatchrequest.csproj", "{C4E4025E-7F60-4926-B5A1-748E70B51AD9}"
EndProject
Project("{9A19103F-16F7-4668-BE54-9A1E7A4F7556}") = "testengine.module.browserlocale", "testengine.module.browserlocale\testengine.module.browserlocale.csproj", "{7CF44BFC-B14D-4DA2-9CF1-643BE571D986}"
EndProject
Project("{9A19103F-16F7-4668-BE54-9A1E7A4F7556}") = "testengine.module.playwrightscript", "testengine.module.playwrightscript\testengine.module.playwrightscript.csproj", "{E67A7F38-58E8-4E72-A3AF-3B2EE68C6C31}"
EndProject
Project("{FAE04EC0-301F-11D3-BF4B-00C04F79EFBC}") = "testengine.module.sleep", "testengine.module.sleep\testengine.module.sleep.csproj", "{6CD14A4D-DB37-45F6-8349-D0099C2F9A63}"
EndProject
Project("{FAE04EC0-301F-11D3-BF4B-00C04F79EFBC}") = "testengine.module.browserlocale.tests", "testengine.module.browserlocale.tests\testengine.module.browserlocale.tests.csproj", "{201CECDA-549E-4279-B980-7174CB422E4F}"
EndProject
Project("{FAE04EC0-301F-11D3-BF4B-00C04F79EFBC}") = "testengine.module.networkbatchrequest.tests", "testengine.module.networkbatchrequest.tests\testengine.module.networkbatchrequest.tests.csproj", "{CC147F8F-3FA9-493A-86E9-BC085BBDBC98}"
EndProject
Project("{FAE04EC0-301F-11D3-BF4B-00C04F79EFBC}") = "testengine.module.pause.tests", "testengine.module.pause.tests\testengine.module.pause.tests.csproj", "{24159639-960F-4A29-B2E6-D610F672F520}"
EndProject
Project("{FAE04EC0-301F-11D3-BF4B-00C04F79EFBC}") = "testengine.module.ready.tests", "testengine.module.ready.tests\testengine.module.ready.tests.csproj", "{B1BB4B34-2BC0-4597-B24D-49F48DD129B2}"
EndProject
Project("{FAE04EC0-301F-11D3-BF4B-00C04F79EFBC}") = "testengine.module.reload.tests", "testengine.module.reload.tests\testengine.module.reload.tests.csproj", "{D7EB8AC9-19AE-4517-8198-0FC1DEB31709}"
EndProject
Project("{FAE04EC0-301F-11D3-BF4B-00C04F79EFBC}") = "testengine.module.sleep.tests", "testengine.module.sleep.tests\testengine.module.sleep.tests.csproj", "{38053892-BB93-403C-B81D-2974DBBEA616}"
EndProject
Project("{FAE04EC0-301F-11D3-BF4B-00C04F79EFBC}") = "testengine.module.playwrightscript.tests", "testengine.module.playwrightscript.tests\testengine.module.playwrightscript.tests.csproj", "{52A94EAC-911F-4993-806D-1A79D9FA5BCD}"
EndProject
Project("{FAE04EC0-301F-11D3-BF4B-00C04F79EFBC}") = "testengine.module.playwrightaction.tests", "testengine.module.playwrightaction.tests\testengine.module.playwrightaction.tests.csproj", "{97F33CC1-B1EC-4C47-8872-492E0FF809A1}"
EndProject
Project("{FAE04EC0-301F-11D3-BF4B-00C04F79EFBC}") = "testengine.module.tests.common", "testengine.module.tests.common\testengine.module.tests.common.csproj", "{B7EC9DFB-E081-4572-A26D-56A8C38EA209}"
EndProject
Global
	GlobalSection(SolutionConfigurationPlatforms) = preSolution
		Debug|Any CPU = Debug|Any CPU
		Release|Any CPU = Release|Any CPU
	EndGlobalSection
	GlobalSection(ProjectConfigurationPlatforms) = postSolution
		{555CC480-7D68-467B-AB48-BB22C4631135}.Debug|Any CPU.ActiveCfg = Debug|Any CPU
		{555CC480-7D68-467B-AB48-BB22C4631135}.Debug|Any CPU.Build.0 = Debug|Any CPU
		{555CC480-7D68-467B-AB48-BB22C4631135}.Release|Any CPU.ActiveCfg = Release|Any CPU
		{555CC480-7D68-467B-AB48-BB22C4631135}.Release|Any CPU.Build.0 = Release|Any CPU
		{77A7FC3A-2F3B-463E-841D-67D5DEB65E5C}.Debug|Any CPU.ActiveCfg = Debug|Any CPU
		{77A7FC3A-2F3B-463E-841D-67D5DEB65E5C}.Debug|Any CPU.Build.0 = Debug|Any CPU
		{77A7FC3A-2F3B-463E-841D-67D5DEB65E5C}.Release|Any CPU.ActiveCfg = Release|Any CPU
		{77A7FC3A-2F3B-463E-841D-67D5DEB65E5C}.Release|Any CPU.Build.0 = Release|Any CPU
		{59CBAC36-CEAA-495E-84B7-C4FEA0560CE1}.Debug|Any CPU.ActiveCfg = Debug|Any CPU
		{59CBAC36-CEAA-495E-84B7-C4FEA0560CE1}.Debug|Any CPU.Build.0 = Debug|Any CPU
		{59CBAC36-CEAA-495E-84B7-C4FEA0560CE1}.Release|Any CPU.ActiveCfg = Release|Any CPU
		{59CBAC36-CEAA-495E-84B7-C4FEA0560CE1}.Release|Any CPU.Build.0 = Release|Any CPU
		{1715F403-D1D9-480B-BE4A-3A7C6C857BFB}.Debug|Any CPU.ActiveCfg = Debug|Any CPU
		{1715F403-D1D9-480B-BE4A-3A7C6C857BFB}.Debug|Any CPU.Build.0 = Debug|Any CPU
		{1715F403-D1D9-480B-BE4A-3A7C6C857BFB}.Release|Any CPU.ActiveCfg = Release|Any CPU
		{1715F403-D1D9-480B-BE4A-3A7C6C857BFB}.Release|Any CPU.Build.0 = Release|Any CPU
		{971D4ADE-3A32-42DE-AC43-E92373D9493D}.Debug|Any CPU.ActiveCfg = Debug|Any CPU
		{971D4ADE-3A32-42DE-AC43-E92373D9493D}.Debug|Any CPU.Build.0 = Debug|Any CPU
		{971D4ADE-3A32-42DE-AC43-E92373D9493D}.Release|Any CPU.ActiveCfg = Release|Any CPU
		{971D4ADE-3A32-42DE-AC43-E92373D9493D}.Release|Any CPU.Build.0 = Release|Any CPU
		{E4E55F07-F4E8-451A-8D1E-7E9F7B129021}.Debug|Any CPU.ActiveCfg = Debug|Any CPU
		{E4E55F07-F4E8-451A-8D1E-7E9F7B129021}.Debug|Any CPU.Build.0 = Debug|Any CPU
		{E4E55F07-F4E8-451A-8D1E-7E9F7B129021}.Release|Any CPU.ActiveCfg = Release|Any CPU
		{E4E55F07-F4E8-451A-8D1E-7E9F7B129021}.Release|Any CPU.Build.0 = Release|Any CPU
		{C4E4025E-7F60-4926-B5A1-748E70B51AD9}.Debug|Any CPU.ActiveCfg = Debug|Any CPU
		{C4E4025E-7F60-4926-B5A1-748E70B51AD9}.Debug|Any CPU.Build.0 = Debug|Any CPU
		{C4E4025E-7F60-4926-B5A1-748E70B51AD9}.Release|Any CPU.ActiveCfg = Release|Any CPU
		{C4E4025E-7F60-4926-B5A1-748E70B51AD9}.Release|Any CPU.Build.0 = Release|Any CPU
		{7CF44BFC-B14D-4DA2-9CF1-643BE571D986}.Debug|Any CPU.ActiveCfg = Debug|Any CPU
		{7CF44BFC-B14D-4DA2-9CF1-643BE571D986}.Debug|Any CPU.Build.0 = Debug|Any CPU
		{7CF44BFC-B14D-4DA2-9CF1-643BE571D986}.Release|Any CPU.ActiveCfg = Release|Any CPU
		{7CF44BFC-B14D-4DA2-9CF1-643BE571D986}.Release|Any CPU.Build.0 = Release|Any CPU
		{E67A7F38-58E8-4E72-A3AF-3B2EE68C6C31}.Debug|Any CPU.ActiveCfg = Debug|Any CPU
		{E67A7F38-58E8-4E72-A3AF-3B2EE68C6C31}.Debug|Any CPU.Build.0 = Debug|Any CPU
		{E67A7F38-58E8-4E72-A3AF-3B2EE68C6C31}.Release|Any CPU.ActiveCfg = Release|Any CPU
		{E67A7F38-58E8-4E72-A3AF-3B2EE68C6C31}.Release|Any CPU.Build.0 = Release|Any CPU
		{6CD14A4D-DB37-45F6-8349-D0099C2F9A63}.Debug|Any CPU.ActiveCfg = Debug|Any CPU
		{6CD14A4D-DB37-45F6-8349-D0099C2F9A63}.Debug|Any CPU.Build.0 = Debug|Any CPU
		{6CD14A4D-DB37-45F6-8349-D0099C2F9A63}.Release|Any CPU.ActiveCfg = Release|Any CPU
		{6CD14A4D-DB37-45F6-8349-D0099C2F9A63}.Release|Any CPU.Build.0 = Release|Any CPU
		{201CECDA-549E-4279-B980-7174CB422E4F}.Debug|Any CPU.ActiveCfg = Debug|Any CPU
		{201CECDA-549E-4279-B980-7174CB422E4F}.Debug|Any CPU.Build.0 = Debug|Any CPU
		{201CECDA-549E-4279-B980-7174CB422E4F}.Release|Any CPU.ActiveCfg = Release|Any CPU
		{201CECDA-549E-4279-B980-7174CB422E4F}.Release|Any CPU.Build.0 = Release|Any CPU
		{CC147F8F-3FA9-493A-86E9-BC085BBDBC98}.Debug|Any CPU.ActiveCfg = Debug|Any CPU
		{CC147F8F-3FA9-493A-86E9-BC085BBDBC98}.Debug|Any CPU.Build.0 = Debug|Any CPU
		{CC147F8F-3FA9-493A-86E9-BC085BBDBC98}.Release|Any CPU.ActiveCfg = Release|Any CPU
		{CC147F8F-3FA9-493A-86E9-BC085BBDBC98}.Release|Any CPU.Build.0 = Release|Any CPU
		{24159639-960F-4A29-B2E6-D610F672F520}.Debug|Any CPU.ActiveCfg = Debug|Any CPU
		{24159639-960F-4A29-B2E6-D610F672F520}.Debug|Any CPU.Build.0 = Debug|Any CPU
		{24159639-960F-4A29-B2E6-D610F672F520}.Release|Any CPU.ActiveCfg = Release|Any CPU
		{24159639-960F-4A29-B2E6-D610F672F520}.Release|Any CPU.Build.0 = Release|Any CPU
		{B1BB4B34-2BC0-4597-B24D-49F48DD129B2}.Debug|Any CPU.ActiveCfg = Debug|Any CPU
		{B1BB4B34-2BC0-4597-B24D-49F48DD129B2}.Debug|Any CPU.Build.0 = Debug|Any CPU
		{B1BB4B34-2BC0-4597-B24D-49F48DD129B2}.Release|Any CPU.ActiveCfg = Release|Any CPU
		{B1BB4B34-2BC0-4597-B24D-49F48DD129B2}.Release|Any CPU.Build.0 = Release|Any CPU
		{D7EB8AC9-19AE-4517-8198-0FC1DEB31709}.Debug|Any CPU.ActiveCfg = Debug|Any CPU
		{D7EB8AC9-19AE-4517-8198-0FC1DEB31709}.Debug|Any CPU.Build.0 = Debug|Any CPU
		{D7EB8AC9-19AE-4517-8198-0FC1DEB31709}.Release|Any CPU.ActiveCfg = Release|Any CPU
		{D7EB8AC9-19AE-4517-8198-0FC1DEB31709}.Release|Any CPU.Build.0 = Release|Any CPU
		{38053892-BB93-403C-B81D-2974DBBEA616}.Debug|Any CPU.ActiveCfg = Debug|Any CPU
		{38053892-BB93-403C-B81D-2974DBBEA616}.Debug|Any CPU.Build.0 = Debug|Any CPU
		{38053892-BB93-403C-B81D-2974DBBEA616}.Release|Any CPU.ActiveCfg = Release|Any CPU
		{38053892-BB93-403C-B81D-2974DBBEA616}.Release|Any CPU.Build.0 = Release|Any CPU
		{52A94EAC-911F-4993-806D-1A79D9FA5BCD}.Debug|Any CPU.ActiveCfg = Debug|Any CPU
		{52A94EAC-911F-4993-806D-1A79D9FA5BCD}.Debug|Any CPU.Build.0 = Debug|Any CPU
		{52A94EAC-911F-4993-806D-1A79D9FA5BCD}.Release|Any CPU.ActiveCfg = Release|Any CPU
		{52A94EAC-911F-4993-806D-1A79D9FA5BCD}.Release|Any CPU.Build.0 = Release|Any CPU
		{97F33CC1-B1EC-4C47-8872-492E0FF809A1}.Debug|Any CPU.ActiveCfg = Debug|Any CPU
		{97F33CC1-B1EC-4C47-8872-492E0FF809A1}.Debug|Any CPU.Build.0 = Debug|Any CPU
		{97F33CC1-B1EC-4C47-8872-492E0FF809A1}.Release|Any CPU.ActiveCfg = Release|Any CPU
		{97F33CC1-B1EC-4C47-8872-492E0FF809A1}.Release|Any CPU.Build.0 = Release|Any CPU
		{B7EC9DFB-E081-4572-A26D-56A8C38EA209}.Debug|Any CPU.ActiveCfg = Debug|Any CPU
		{B7EC9DFB-E081-4572-A26D-56A8C38EA209}.Debug|Any CPU.Build.0 = Debug|Any CPU
		{B7EC9DFB-E081-4572-A26D-56A8C38EA209}.Release|Any CPU.ActiveCfg = Release|Any CPU
		{B7EC9DFB-E081-4572-A26D-56A8C38EA209}.Release|Any CPU.Build.0 = Release|Any CPU
	EndGlobalSection
	GlobalSection(SolutionProperties) = preSolution
		HideSolutionNode = FALSE
	EndGlobalSection
	GlobalSection(ExtensibilityGlobals) = postSolution
		SolutionGuid = {A9F94F5E-DCD5-42B7-8CF8-959D0710B301}
	EndGlobalSection
EndGlobal
